{
    "_readme": [
        "This file locks the dependencies of your project to a known state",
        "Read more about it at http://getcomposer.org/doc/01-basic-usage.md#composer-lock-the-lock-file"
    ],
    "hash": "53d481b367ed52fc43437c9b48efc5eb",
    "packages": [

    ],
    "packages-dev": [
        {
            "name": "chriskite/phactory",
            "version": "dev-master",
            "source": {
                "type": "git",
                "url": "https://github.com/chriskite/phactory.git",
                "reference": "fa0140e27992dbcc5d70c523f738c373d5a75061"
            },
            "dist": {
                "type": "zip",
                "url": "https://api.github.com/repos/chriskite/phactory/zipball/fa0140e27992dbcc5d70c523f738c373d5a75061",
                "reference": "fa0140e27992dbcc5d70c523f738c373d5a75061",
                "shasum": ""
            },
            "require": {
                "php": ">=5.3.0"
            },
            "require-dev": {
                "ext-mongo": "*",
                "ext-pdo": "*",
                "ext-pdo_sqlite": "*"
            },
            "suggest": {
                "ext-mongo": "Allows use of Phactory for testing against MongoDB databases",
                "ext-pdo": "Allows use of Phactory for testing against SQL databases",
                "ext-pdo_mysql": "Allows use of Phactory for testing against MySQL databases",
                "ext-pdo_sqlite": "Allows use of Phactory for testing against SQLite databases"
            },
            "type": "library",
            "autoload": {
                "psr-0": {
                    "Phactory": "lib/"
                }
            },
            "notification-url": "https://packagist.org/downloads/",
            "description": "A Database Factory for PHP Unit Tests",
            "homepage": "http://phactory.org",
            "keywords": [
                "database",
                "mongodb",
                "mysql",
                "sqlite",
                "testing"
            ],
            "time": "2013-07-11 01:48:16"
        }
    ],
    "aliases": [

    ],
    "minimum-stability": "stable",
    "stability-flags": {
        "chriskite/phactory": 20
    },
    "platform": [

    ],
    "platform-dev": [

    ]
}
